
Microsoft Visual Studio Solution File, Format Version 12.00
# Visual Studio 15
VisualStudioVersion = 15.0.28010.2036
MinimumVisualStudioVersion = 10.0.40219.1
Project("{FAE04EC0-301F-11D3-BF4B-00C04F79EFBC}") = "N-Ary-Tree", "N-Ary-Tree\N-Ary-Tree.csproj", "{D843DB5E-DE30-4F81-8754-58410B77C468}"
EndProject
Project("{FAE04EC0-301F-11D3-BF4B-00C04F79EFBC}") = "N-Ary-TreeLib", "N-Ary-TreeLib\N-Ary-TreeLib.csproj", "{A4366580-31CB-4BA2-9130-0D4FE986E147}"
EndProject
Project("{FAE04EC0-301F-11D3-BF4B-00C04F79EFBC}") = "N-Ary-TreeTest", "N-Ary-TreeTest\N-Ary-TreeTest.csproj", "{EB0FA764-DC59-4172-8963-B9B202A076E6}"
EndProject
Global
	GlobalSection(SolutionConfigurationPlatforms) = preSolution
		Debug|Any CPU = Debug|Any CPU
		Release|Any CPU = Release|Any CPU
	EndGlobalSection
	GlobalSection(ProjectConfigurationPlatforms) = postSolution
		{D843DB5E-DE30-4F81-8754-58410B77C468}.Debug|Any CPU.ActiveCfg = Debug|Any CPU
		{D843DB5E-DE30-4F81-8754-58410B77C468}.Debug|Any CPU.Build.0 = Debug|Any CPU
		{D843DB5E-DE30-4F81-8754-58410B77C468}.Release|Any CPU.ActiveCfg = Release|Any CPU
		{D843DB5E-DE30-4F81-8754-58410B77C468}.Release|Any CPU.Build.0 = Release|Any CPU
		{A4366580-31CB-4BA2-9130-0D4FE986E147}.Debug|Any CPU.ActiveCfg = Debug|Any CPU
		{A4366580-31CB-4BA2-9130-0D4FE986E147}.Debug|Any CPU.Build.0 = Debug|Any CPU
		{A4366580-31CB-4BA2-9130-0D4FE986E147}.Release|Any CPU.ActiveCfg = Release|Any CPU
		{A4366580-31CB-4BA2-9130-0D4FE986E147}.Release|Any CPU.Build.0 = Release|Any CPU
		{EB0FA764-DC59-4172-8963-B9B202A076E6}.Debug|Any CPU.ActiveCfg = Debug|Any CPU
		{EB0FA764-DC59-4172-8963-B9B202A076E6}.Debug|Any CPU.Build.0 = Debug|Any CPU
		{EB0FA764-DC59-4172-8963-B9B202A076E6}.Release|Any CPU.ActiveCfg = Release|Any CPU
		{EB0FA764-DC59-4172-8963-B9B202A076E6}.Release|Any CPU.Build.0 = Release|Any CPU
	EndGlobalSection
	GlobalSection(SolutionProperties) = preSolution
		HideSolutionNode = FALSE
	EndGlobalSection
	GlobalSection(ExtensibilityGlobals) = postSolution
		SolutionGuid = {11BDEE84-2F2C-4AF9-AC54-3122E03FB478}
	EndGlobalSection
EndGlobal
